
Microsoft Visual Studio Solution File, Format Version 12.00
Project("{FAE04EC0-301F-11D3-BF4B-00C04F79EFBC}") = "Sipiders", "Sipiders\Sipiders.csproj", "{D2C4F24B-7A92-4B35-9929-28DFC62BBFE6}"
EndProject
Global
	GlobalSection(SolutionConfigurationPlatforms) = preSolution
		Debug|Any CPU = Debug|Any CPU
		Release|Any CPU = Release|Any CPU
	EndGlobalSection
	GlobalSection(ProjectConfigurationPlatforms) = postSolution
		{D2C4F24B-7A92-4B35-9929-28DFC62BBFE6}.Debug|Any CPU.ActiveCfg = Debug|Any CPU
		{D2C4F24B-7A92-4B35-9929-28DFC62BBFE6}.Debug|Any CPU.Build.0 = Debug|Any CPU
		{D2C4F24B-7A92-4B35-9929-28DFC62BBFE6}.Release|Any CPU.ActiveCfg = Release|Any CPU
		{D2C4F24B-7A92-4B35-9929-28DFC62BBFE6}.Release|Any CPU.Build.0 = Release|Any CPU
	EndGlobalSection
EndGlobal
